
Microsoft Visual Studio Solution File, Format Version 12.00
# Visual Studio Version 17
VisualStudioVersion = 17.11.35312.102
MinimumVisualStudioVersion = 10.0.40219.1
Project("{9A19103F-16F7-4668-BE54-9A1E7A4F7556}") = "TrySomethingOld", "TrySomethingOld\TrySomethingOld.csproj", "{5DFCD451-CBDF-481D-8F2D-BD407BC3A2B0}"
EndProject
Project("{9A19103F-16F7-4668-BE54-9A1E7A4F7556}") = "Non-Primitive types", "Non-Primitive types\Non-Primitive types.csproj", "{E3BBD8D8-6718-4BC1-B972-A488EA52050B}"
EndProject
Project("{9A19103F-16F7-4668-BE54-9A1E7A4F7556}") = "ControlFlow", "ControlFlow\ControlFlow.csproj", "{7FA354F8-A12C-4BAC-B884-7F2F3170FC9B}"
EndProject
Project("{FAE04EC0-301F-11D3-BF4B-00C04F79EFBC}") = "Arrays", "Arrays\Arrays.csproj", "{3BC085DD-16FB-48F1-AE1C-4C7CDC099007}"
EndProject
Project("{FAE04EC0-301F-11D3-BF4B-00C04F79EFBC}") = "Date", "Date\Date.csproj", "{E6E5C356-9EC7-48D9-AE6B-D1230D249BF1}"
EndProject
Project("{FAE04EC0-301F-11D3-BF4B-00C04F79EFBC}") = "StringBuilder", "StringBuilder\StringBuilder.csproj", "{D0EC2284-A88B-4815-A7FD-D35E46F639FB}"
EndProject
Project("{FAE04EC0-301F-11D3-BF4B-00C04F79EFBC}") = "WorkWithFiles", "WorkWithFiles\WorkWithFiles.csproj", "{DA5B5CEC-CA5C-4597-A202-F286776FFF26}"
EndProject
Project("{FAE04EC0-301F-11D3-BF4B-00C04F79EFBC}") = "Classes", "Classes\Classes.csproj", "{21E99764-8FE5-41FB-AFCB-96C759DC8D73}"
EndProject
Project("{FAE04EC0-301F-11D3-BF4B-00C04F79EFBC}") = "Inheritance", "Inheritance\Inheritance.csproj", "{1BF51B70-759D-4BCF-A679-14E471803F0A}"
EndProject
Project("{FAE04EC0-301F-11D3-BF4B-00C04F79EFBC}") = "Polymorphism", "Polymorphism\Polymorphism.csproj", "{9FCB523C-6BF7-4693-8D63-794CA39D142C}"
EndProject
Project("{FAE04EC0-301F-11D3-BF4B-00C04F79EFBC}") = "Interfaces", "Interfaces\Interfaces.csproj", "{947EE684-7A00-4ABE-8F42-78962BEB347B}"
EndProject
Project("{FAE04EC0-301F-11D3-BF4B-00C04F79EFBC}") = "Intefaces.UnitTests", "Intefaces.UnitTests\Intefaces.UnitTests.csproj", "{1D2E5E96-E718-4D82-9AD0-46BBF901E544}"
EndProject
Project("{FAE04EC0-301F-11D3-BF4B-00C04F79EFBC}") = "Generics", "Generics\Generics.csproj", "{4F3DE832-A66B-4992-83A0-13A97BBE0275}"
EndProject
Project("{FAE04EC0-301F-11D3-BF4B-00C04F79EFBC}") = "Delegates", "Delegates\Delegates.csproj", "{C3968B03-3BFC-4A91-94AF-040525136D02}"
EndProject
Project("{FAE04EC0-301F-11D3-BF4B-00C04F79EFBC}") = "LambdaExpressions", "LambdaExpressions\LambdaExpressions.csproj", "{62C09BC5-7699-4D46-B0FE-E1460D89907F}"
EndProject
Project("{FAE04EC0-301F-11D3-BF4B-00C04F79EFBC}") = "Events and Delegates", "Events and Delegates\Events and Delegates.csproj", "{22F236F5-DFE3-4033-BD0C-95B136373BCE}"
EndProject
Project("{FAE04EC0-301F-11D3-BF4B-00C04F79EFBC}") = "ExtensionMethods", "ExtensionMethods\ExtensionMethods.csproj", "{0D3B80EA-A39D-4691-9655-462FA0D47C89}"
EndProject
Project("{FAE04EC0-301F-11D3-BF4B-00C04F79EFBC}") = "LINQ", "LINQ\LINQ.csproj", "{AB567A16-1E04-4F50-AE78-4BB50FCD3C0A}"
EndProject
Project("{FAE04EC0-301F-11D3-BF4B-00C04F79EFBC}") = "NullableTypes", "NullableTypes\NullableTypes.csproj", "{1C2446E5-2BF9-496D-B115-2A61E93CE67F}"
EndProject
Project("{FAE04EC0-301F-11D3-BF4B-00C04F79EFBC}") = "Dynamic", "Dynamic\Dynamic.csproj", "{12A9C4A6-3798-4316-96AE-50454FEE13F4}"
EndProject
Project("{FAE04EC0-301F-11D3-BF4B-00C04F79EFBC}") = "ExceptionHandling", "ExceptionHandling\ExceptionHandling.csproj", "{BC9BB90D-537E-4B9F-B2F2-F18603FDCF0D}"
EndProject
Project("{FAE04EC0-301F-11D3-BF4B-00C04F79EFBC}") = "AsynchronousProgramming", "AsynchronousProgramming\AsynchronousProgramming.csproj", "{600A1944-FCFF-41A3-8650-C23646EED7BE}"
EndProject
Global
	GlobalSection(SolutionConfigurationPlatforms) = preSolution
		Debug|Any CPU = Debug|Any CPU
		Release|Any CPU = Release|Any CPU
	EndGlobalSection
	GlobalSection(ProjectConfigurationPlatforms) = postSolution
		{5DFCD451-CBDF-481D-8F2D-BD407BC3A2B0}.Debug|Any CPU.ActiveCfg = Debug|Any CPU
		{5DFCD451-CBDF-481D-8F2D-BD407BC3A2B0}.Debug|Any CPU.Build.0 = Debug|Any CPU
		{5DFCD451-CBDF-481D-8F2D-BD407BC3A2B0}.Release|Any CPU.ActiveCfg = Release|Any CPU
		{5DFCD451-CBDF-481D-8F2D-BD407BC3A2B0}.Release|Any CPU.Build.0 = Release|Any CPU
		{E3BBD8D8-6718-4BC1-B972-A488EA52050B}.Debug|Any CPU.ActiveCfg = Debug|Any CPU
		{E3BBD8D8-6718-4BC1-B972-A488EA52050B}.Debug|Any CPU.Build.0 = Debug|Any CPU
		{E3BBD8D8-6718-4BC1-B972-A488EA52050B}.Release|Any CPU.ActiveCfg = Release|Any CPU
		{E3BBD8D8-6718-4BC1-B972-A488EA52050B}.Release|Any CPU.Build.0 = Release|Any CPU
		{7FA354F8-A12C-4BAC-B884-7F2F3170FC9B}.Debug|Any CPU.ActiveCfg = Debug|Any CPU
		{7FA354F8-A12C-4BAC-B884-7F2F3170FC9B}.Debug|Any CPU.Build.0 = Debug|Any CPU
		{7FA354F8-A12C-4BAC-B884-7F2F3170FC9B}.Release|Any CPU.ActiveCfg = Release|Any CPU
		{7FA354F8-A12C-4BAC-B884-7F2F3170FC9B}.Release|Any CPU.Build.0 = Release|Any CPU
		{3BC085DD-16FB-48F1-AE1C-4C7CDC099007}.Debug|Any CPU.ActiveCfg = Debug|Any CPU
		{3BC085DD-16FB-48F1-AE1C-4C7CDC099007}.Debug|Any CPU.Build.0 = Debug|Any CPU
		{3BC085DD-16FB-48F1-AE1C-4C7CDC099007}.Release|Any CPU.ActiveCfg = Release|Any CPU
		{3BC085DD-16FB-48F1-AE1C-4C7CDC099007}.Release|Any CPU.Build.0 = Release|Any CPU
		{E6E5C356-9EC7-48D9-AE6B-D1230D249BF1}.Debug|Any CPU.ActiveCfg = Debug|Any CPU
		{E6E5C356-9EC7-48D9-AE6B-D1230D249BF1}.Debug|Any CPU.Build.0 = Debug|Any CPU
		{E6E5C356-9EC7-48D9-AE6B-D1230D249BF1}.Release|Any CPU.ActiveCfg = Release|Any CPU
		{E6E5C356-9EC7-48D9-AE6B-D1230D249BF1}.Release|Any CPU.Build.0 = Release|Any CPU
		{D0EC2284-A88B-4815-A7FD-D35E46F639FB}.Debug|Any CPU.ActiveCfg = Debug|Any CPU
		{D0EC2284-A88B-4815-A7FD-D35E46F639FB}.Debug|Any CPU.Build.0 = Debug|Any CPU
		{D0EC2284-A88B-4815-A7FD-D35E46F639FB}.Release|Any CPU.ActiveCfg = Release|Any CPU
		{D0EC2284-A88B-4815-A7FD-D35E46F639FB}.Release|Any CPU.Build.0 = Release|Any CPU
		{DA5B5CEC-CA5C-4597-A202-F286776FFF26}.Debug|Any CPU.ActiveCfg = Debug|Any CPU
		{DA5B5CEC-CA5C-4597-A202-F286776FFF26}.Debug|Any CPU.Build.0 = Debug|Any CPU
		{DA5B5CEC-CA5C-4597-A202-F286776FFF26}.Release|Any CPU.ActiveCfg = Release|Any CPU
		{DA5B5CEC-CA5C-4597-A202-F286776FFF26}.Release|Any CPU.Build.0 = Release|Any CPU
		{21E99764-8FE5-41FB-AFCB-96C759DC8D73}.Debug|Any CPU.ActiveCfg = Debug|Any CPU
		{21E99764-8FE5-41FB-AFCB-96C759DC8D73}.Debug|Any CPU.Build.0 = Debug|Any CPU
		{21E99764-8FE5-41FB-AFCB-96C759DC8D73}.Release|Any CPU.ActiveCfg = Release|Any CPU
		{21E99764-8FE5-41FB-AFCB-96C759DC8D73}.Release|Any CPU.Build.0 = Release|Any CPU
		{1BF51B70-759D-4BCF-A679-14E471803F0A}.Debug|Any CPU.ActiveCfg = Debug|Any CPU
		{1BF51B70-759D-4BCF-A679-14E471803F0A}.Debug|Any CPU.Build.0 = Debug|Any CPU
		{1BF51B70-759D-4BCF-A679-14E471803F0A}.Release|Any CPU.ActiveCfg = Release|Any CPU
		{1BF51B70-759D-4BCF-A679-14E471803F0A}.Release|Any CPU.Build.0 = Release|Any CPU
		{9FCB523C-6BF7-4693-8D63-794CA39D142C}.Debug|Any CPU.ActiveCfg = Debug|Any CPU
		{9FCB523C-6BF7-4693-8D63-794CA39D142C}.Debug|Any CPU.Build.0 = Debug|Any CPU
		{9FCB523C-6BF7-4693-8D63-794CA39D142C}.Release|Any CPU.ActiveCfg = Release|Any CPU
		{9FCB523C-6BF7-4693-8D63-794CA39D142C}.Release|Any CPU.Build.0 = Release|Any CPU
		{947EE684-7A00-4ABE-8F42-78962BEB347B}.Debug|Any CPU.ActiveCfg = Debug|Any CPU
		{947EE684-7A00-4ABE-8F42-78962BEB347B}.Debug|Any CPU.Build.0 = Debug|Any CPU
		{947EE684-7A00-4ABE-8F42-78962BEB347B}.Release|Any CPU.ActiveCfg = Release|Any CPU
		{947EE684-7A00-4ABE-8F42-78962BEB347B}.Release|Any CPU.Build.0 = Release|Any CPU
		{1D2E5E96-E718-4D82-9AD0-46BBF901E544}.Debug|Any CPU.ActiveCfg = Debug|Any CPU
		{1D2E5E96-E718-4D82-9AD0-46BBF901E544}.Debug|Any CPU.Build.0 = Debug|Any CPU
		{1D2E5E96-E718-4D82-9AD0-46BBF901E544}.Release|Any CPU.ActiveCfg = Release|Any CPU
		{1D2E5E96-E718-4D82-9AD0-46BBF901E544}.Release|Any CPU.Build.0 = Release|Any CPU
		{4F3DE832-A66B-4992-83A0-13A97BBE0275}.Debug|Any CPU.ActiveCfg = Debug|Any CPU
		{4F3DE832-A66B-4992-83A0-13A97BBE0275}.Debug|Any CPU.Build.0 = Debug|Any CPU
		{4F3DE832-A66B-4992-83A0-13A97BBE0275}.Release|Any CPU.ActiveCfg = Release|Any CPU
		{4F3DE832-A66B-4992-83A0-13A97BBE0275}.Release|Any CPU.Build.0 = Release|Any CPU
		{C3968B03-3BFC-4A91-94AF-040525136D02}.Debug|Any CPU.ActiveCfg = Debug|Any CPU
		{C3968B03-3BFC-4A91-94AF-040525136D02}.Debug|Any CPU.Build.0 = Debug|Any CPU
		{C3968B03-3BFC-4A91-94AF-040525136D02}.Release|Any CPU.ActiveCfg = Release|Any CPU
		{C3968B03-3BFC-4A91-94AF-040525136D02}.Release|Any CPU.Build.0 = Release|Any CPU
		{62C09BC5-7699-4D46-B0FE-E1460D89907F}.Debug|Any CPU.ActiveCfg = Debug|Any CPU
		{62C09BC5-7699-4D46-B0FE-E1460D89907F}.Debug|Any CPU.Build.0 = Debug|Any CPU
		{62C09BC5-7699-4D46-B0FE-E1460D89907F}.Release|Any CPU.ActiveCfg = Release|Any CPU
		{62C09BC5-7699-4D46-B0FE-E1460D89907F}.Release|Any CPU.Build.0 = Release|Any CPU
		{22F236F5-DFE3-4033-BD0C-95B136373BCE}.Debug|Any CPU.ActiveCfg = Debug|Any CPU
		{22F236F5-DFE3-4033-BD0C-95B136373BCE}.Debug|Any CPU.Build.0 = Debug|Any CPU
		{22F236F5-DFE3-4033-BD0C-95B136373BCE}.Release|Any CPU.ActiveCfg = Release|Any CPU
		{22F236F5-DFE3-4033-BD0C-95B136373BCE}.Release|Any CPU.Build.0 = Release|Any CPU
		{0D3B80EA-A39D-4691-9655-462FA0D47C89}.Debug|Any CPU.ActiveCfg = Debug|Any CPU
		{0D3B80EA-A39D-4691-9655-462FA0D47C89}.Debug|Any CPU.Build.0 = Debug|Any CPU
		{0D3B80EA-A39D-4691-9655-462FA0D47C89}.Release|Any CPU.ActiveCfg = Release|Any CPU
		{0D3B80EA-A39D-4691-9655-462FA0D47C89}.Release|Any CPU.Build.0 = Release|Any CPU
		{AB567A16-1E04-4F50-AE78-4BB50FCD3C0A}.Debug|Any CPU.ActiveCfg = Debug|Any CPU
		{AB567A16-1E04-4F50-AE78-4BB50FCD3C0A}.Debug|Any CPU.Build.0 = Debug|Any CPU
		{AB567A16-1E04-4F50-AE78-4BB50FCD3C0A}.Release|Any CPU.ActiveCfg = Release|Any CPU
		{AB567A16-1E04-4F50-AE78-4BB50FCD3C0A}.Release|Any CPU.Build.0 = Release|Any CPU
		{1C2446E5-2BF9-496D-B115-2A61E93CE67F}.Debug|Any CPU.ActiveCfg = Debug|Any CPU
		{1C2446E5-2BF9-496D-B115-2A61E93CE67F}.Debug|Any CPU.Build.0 = Debug|Any CPU
		{1C2446E5-2BF9-496D-B115-2A61E93CE67F}.Release|Any CPU.ActiveCfg = Release|Any CPU
		{1C2446E5-2BF9-496D-B115-2A61E93CE67F}.Release|Any CPU.Build.0 = Release|Any CPU
		{12A9C4A6-3798-4316-96AE-50454FEE13F4}.Debug|Any CPU.ActiveCfg = Debug|Any CPU
		{12A9C4A6-3798-4316-96AE-50454FEE13F4}.Debug|Any CPU.Build.0 = Debug|Any CPU
		{12A9C4A6-3798-4316-96AE-50454FEE13F4}.Release|Any CPU.ActiveCfg = Release|Any CPU
		{12A9C4A6-3798-4316-96AE-50454FEE13F4}.Release|Any CPU.Build.0 = Release|Any CPU
		{BC9BB90D-537E-4B9F-B2F2-F18603FDCF0D}.Debug|Any CPU.ActiveCfg = Debug|Any CPU
		{BC9BB90D-537E-4B9F-B2F2-F18603FDCF0D}.Debug|Any CPU.Build.0 = Debug|Any CPU
		{BC9BB90D-537E-4B9F-B2F2-F18603FDCF0D}.Release|Any CPU.ActiveCfg = Release|Any CPU
		{BC9BB90D-537E-4B9F-B2F2-F18603FDCF0D}.Release|Any CPU.Build.0 = Release|Any CPU
		{600A1944-FCFF-41A3-8650-C23646EED7BE}.Debug|Any CPU.ActiveCfg = Debug|Any CPU
		{600A1944-FCFF-41A3-8650-C23646EED7BE}.Debug|Any CPU.Build.0 = Debug|Any CPU
		{600A1944-FCFF-41A3-8650-C23646EED7BE}.Release|Any CPU.ActiveCfg = Release|Any CPU
		{600A1944-FCFF-41A3-8650-C23646EED7BE}.Release|Any CPU.Build.0 = Release|Any CPU
	EndGlobalSection
	GlobalSection(SolutionProperties) = preSolution
		HideSolutionNode = FALSE
	EndGlobalSection
	GlobalSection(ExtensibilityGlobals) = postSolution
		SolutionGuid = {80723D5A-6546-4C01-852C-AEA22D6E4B0E}
	EndGlobalSection
EndGlobal
